# THIS IS AN AUTOGENERATED FILE. DO NOT EDIT THIS FILE DIRECTLY.
# yarn lockfile v1


"@types/js-cookie@^3.0.6":
  version "3.0.6"
  resolved "https://registry.npmjs.org/@types/js-cookie/-/js-cookie-3.0.6.tgz"
  integrity sha512-wkw9yd1kEXOPnvEeEV1Go1MmxtBJL0RR79aOTAApecWFVu7w0NNXNqhcWgvw2YgZDYadliXkl14pa3WXw5jlCQ==

js-cookie@^3.0.5:
  version "3.0.5"
  resolved "https://registry.npmjs.org/js-cookie/-/js-cookie-3.0.5.tgz"
  integrity sha512-cEiJEAEoIbWfCZYKWhVwFuvPX1gETRYPw6LlaTKoxD3s2AkXzkCjnp6h0V77ozyqj0jakteJ4YqDJT830+lVGw==

js-cookies@^1.0.4:
  version "1.0.4"
  resolved "https://registry.npmjs.org/js-cookies/-/js-cookies-1.0.4.tgz"
  integrity sha512-cO1SHDH7zJsi8FihHmDtcWx90mWmrfGOrcLKPeaEX6tLyuTK2wnzgdmNa34Q6rNAd6VhQUgjDt5Eyl90VI/Fpg==
